
Microsoft Visual Studio Solution File, Format Version 12.00
# Visual Studio Express 2012 for Windows Desktop
Project("{FAE04EC0-301F-11D3-BF4B-00C04F79EFBC}") = "sap2exact", "sap2exact\sap2exact.csproj", "{6E333DA2-A281-48B1-873E-2CCD7915EC25}"
EndProject
Project("{FAE04EC0-301F-11D3-BF4B-00C04F79EFBC}") = "sap2exact.Domain", "sap2exact.Domain\sap2exact.Domain.csproj", "{1EC8E78E-DA32-4F21-B319-47919F22688D}"
EndProject
Project("{FAE04EC0-301F-11D3-BF4B-00C04F79EFBC}") = "sap2exact.SapSDK", "sap2exact.SapSDK\sap2exact.SapSDK.csproj", "{0B31CD20-3533-452C-A223-2A3701DCBC5E}"
EndProject
Project("{FAE04EC0-301F-11D3-BF4B-00C04F79EFBC}") = "sap2exact.Leveranciers", "sap2exact.Leveranciers\sap2exact.Leveranciers.csproj", "{2F7E50A3-E7E4-479D-A622-0B7E8CFF6FA8}"
EndProject
Project("{FAE04EC0-301F-11D3-BF4B-00C04F79EFBC}") = "sap2exact.Artikelgroepen", "sap2exact.Artikelgroepen\sap2exact.Artikelgroepen.csproj", "{2720ADBE-10E6-4185-8AD4-543C574413C0}"
EndProject
Project("{FAE04EC0-301F-11D3-BF4B-00C04F79EFBC}") = "sap2exact.Bestmix", "sap2exact.Bestmix\sap2exact.Bestmix.csproj", "{FC0D707A-31A1-47D2-AB4B-D8033D043CD5}"
EndProject
Global
	GlobalSection(SolutionConfigurationPlatforms) = preSolution
		Debug|Any CPU = Debug|Any CPU
		Release|Any CPU = Release|Any CPU
	EndGlobalSection
	GlobalSection(ProjectConfigurationPlatforms) = postSolution
		{6E333DA2-A281-48B1-873E-2CCD7915EC25}.Debug|Any CPU.ActiveCfg = Debug|Any CPU
		{6E333DA2-A281-48B1-873E-2CCD7915EC25}.Debug|Any CPU.Build.0 = Debug|Any CPU
		{6E333DA2-A281-48B1-873E-2CCD7915EC25}.Release|Any CPU.ActiveCfg = Release|Any CPU
		{6E333DA2-A281-48B1-873E-2CCD7915EC25}.Release|Any CPU.Build.0 = Release|Any CPU
		{1EC8E78E-DA32-4F21-B319-47919F22688D}.Debug|Any CPU.ActiveCfg = Debug|Any CPU
		{1EC8E78E-DA32-4F21-B319-47919F22688D}.Debug|Any CPU.Build.0 = Debug|Any CPU
		{1EC8E78E-DA32-4F21-B319-47919F22688D}.Release|Any CPU.ActiveCfg = Release|Any CPU
		{1EC8E78E-DA32-4F21-B319-47919F22688D}.Release|Any CPU.Build.0 = Release|Any CPU
		{0B31CD20-3533-452C-A223-2A3701DCBC5E}.Debug|Any CPU.ActiveCfg = Debug|Any CPU
		{0B31CD20-3533-452C-A223-2A3701DCBC5E}.Debug|Any CPU.Build.0 = Debug|Any CPU
		{0B31CD20-3533-452C-A223-2A3701DCBC5E}.Release|Any CPU.ActiveCfg = Release|Any CPU
		{0B31CD20-3533-452C-A223-2A3701DCBC5E}.Release|Any CPU.Build.0 = Release|Any CPU
		{2F7E50A3-E7E4-479D-A622-0B7E8CFF6FA8}.Debug|Any CPU.ActiveCfg = Debug|Any CPU
		{2F7E50A3-E7E4-479D-A622-0B7E8CFF6FA8}.Debug|Any CPU.Build.0 = Debug|Any CPU
		{2F7E50A3-E7E4-479D-A622-0B7E8CFF6FA8}.Release|Any CPU.ActiveCfg = Release|Any CPU
		{2F7E50A3-E7E4-479D-A622-0B7E8CFF6FA8}.Release|Any CPU.Build.0 = Release|Any CPU
		{2720ADBE-10E6-4185-8AD4-543C574413C0}.Debug|Any CPU.ActiveCfg = Debug|Any CPU
		{2720ADBE-10E6-4185-8AD4-543C574413C0}.Debug|Any CPU.Build.0 = Debug|Any CPU
		{2720ADBE-10E6-4185-8AD4-543C574413C0}.Release|Any CPU.ActiveCfg = Release|Any CPU
		{2720ADBE-10E6-4185-8AD4-543C574413C0}.Release|Any CPU.Build.0 = Release|Any CPU
		{FC0D707A-31A1-47D2-AB4B-D8033D043CD5}.Debug|Any CPU.ActiveCfg = Debug|Any CPU
		{FC0D707A-31A1-47D2-AB4B-D8033D043CD5}.Debug|Any CPU.Build.0 = Debug|Any CPU
		{FC0D707A-31A1-47D2-AB4B-D8033D043CD5}.Release|Any CPU.ActiveCfg = Release|Any CPU
		{FC0D707A-31A1-47D2-AB4B-D8033D043CD5}.Release|Any CPU.Build.0 = Release|Any CPU
	EndGlobalSection
	GlobalSection(SolutionProperties) = preSolution
		HideSolutionNode = FALSE
	EndGlobalSection
EndGlobal
